
Microsoft Visual Studio Solution File, Format Version 12.00
# Visual Studio Version 16
VisualStudioVersion = 16.0.30309.148
MinimumVisualStudioVersion = 10.0.40219.1
Project("{9A19103F-16F7-4668-BE54-9A1E7A4F7556}") = "Nestle.CI-CDIntegration.Function.CosmosdbOperations", "Nestle.CI-CDIntegration.Function.CosmosdbOperations\Nestle.CI-CDIntegration.Function.CosmosdbOperations.csproj", "{3D6FA2E6-BE9C-4387-9635-F6DB351B04B9}"
EndProject
Project("{9A19103F-16F7-4668-BE54-9A1E7A4F7556}") = "Nestle.CI-CDIntegration.Tests.CosmosdbOperations", "Nestle.CI-CDIntegration.Tests.CosmosdbOperations\Nestle.CI-CDIntegration.Tests.CosmosdbOperations.csproj", "{35803F6C-E757-4BCB-B340-05E1F94ED217}"
EndProject
Global
	GlobalSection(SolutionConfigurationPlatforms) = preSolution
		Debug|Any CPU = Debug|Any CPU
		Release|Any CPU = Release|Any CPU
	EndGlobalSection
	GlobalSection(ProjectConfigurationPlatforms) = postSolution
		{3D6FA2E6-BE9C-4387-9635-F6DB351B04B9}.Debug|Any CPU.ActiveCfg = Debug|Any CPU
		{3D6FA2E6-BE9C-4387-9635-F6DB351B04B9}.Debug|Any CPU.Build.0 = Debug|Any CPU
		{3D6FA2E6-BE9C-4387-9635-F6DB351B04B9}.Release|Any CPU.ActiveCfg = Release|Any CPU
		{3D6FA2E6-BE9C-4387-9635-F6DB351B04B9}.Release|Any CPU.Build.0 = Release|Any CPU
		{35803F6C-E757-4BCB-B340-05E1F94ED217}.Debug|Any CPU.ActiveCfg = Debug|Any CPU
		{35803F6C-E757-4BCB-B340-05E1F94ED217}.Debug|Any CPU.Build.0 = Debug|Any CPU
		{35803F6C-E757-4BCB-B340-05E1F94ED217}.Release|Any CPU.ActiveCfg = Release|Any CPU
		{35803F6C-E757-4BCB-B340-05E1F94ED217}.Release|Any CPU.Build.0 = Release|Any CPU
	EndGlobalSection
	GlobalSection(SolutionProperties) = preSolution
		HideSolutionNode = FALSE
	EndGlobalSection
	GlobalSection(ExtensibilityGlobals) = postSolution
		SolutionGuid = {97A98226-C0D9-4CE5-9C48-EFC92E21D074}
	EndGlobalSection
EndGlobal
